
Microsoft Visual Studio Solution File, Format Version 12.00
# Visual Studio Version 16
VisualStudioVersion = 16.0.30128.74
MinimumVisualStudioVersion = 10.0.40219.1
Project("{9A19103F-16F7-4668-BE54-9A1E7A4F7556}") = "BlazorWasmApp1.Server", "BlazorWasmApp1\Server\BlazorWasmApp1.Server.csproj", "{5D32EFDB-8055-464F-9E20-BE2C5B8C963E}"
EndProject
Project("{9A19103F-16F7-4668-BE54-9A1E7A4F7556}") = "BlazorWasmApp1.Client", "BlazorWasmApp1\Client\BlazorWasmApp1.Client.csproj", "{2E3F535B-1B22-4706-A045-2556226433EE}"
EndProject
Project("{9A19103F-16F7-4668-BE54-9A1E7A4F7556}") = "BlazorWasmApp1.Shared", "BlazorWasmApp1\Shared\BlazorWasmApp1.Shared.csproj", "{F9FC7A14-734B-4BBA-877B-8E28DC8ACDD9}"
EndProject
Project("{9A19103F-16F7-4668-BE54-9A1E7A4F7556}") = "BlazorWasmApp1.Core.Api", "BlazorWasmApp1.Core.Api\BlazorWasmApp1.Core.Api.csproj", "{4D1FD392-60F8-4498-9277-6CD959DE5AE8}"
EndProject
Project("{FAE04EC0-301F-11D3-BF4B-00C04F79EFBC}") = "BlazorWasmApp1.UnitTests", "BlazorWasmApp1.UnitTests\BlazorWasmApp1.UnitTests.csproj", "{E6EA6887-8679-48FF-8393-C5EA0EF7E632}"
EndProject
Project("{FAE04EC0-301F-11D3-BF4B-00C04F79EFBC}") = "BlazorWasmApp1.Core.Api.UnitTests", "BlazorWasmApp1.Core.Api.UnitTests\BlazorWasmApp1.Core.Api.UnitTests.csproj", "{A81FC56E-9A4D-4FD3-B351-0F0A28A2451B}"
EndProject
Global
	GlobalSection(SolutionConfigurationPlatforms) = preSolution
		Debug|Any CPU = Debug|Any CPU
		Release|Any CPU = Release|Any CPU
	EndGlobalSection
	GlobalSection(ProjectConfigurationPlatforms) = postSolution
		{5D32EFDB-8055-464F-9E20-BE2C5B8C963E}.Debug|Any CPU.ActiveCfg = Debug|Any CPU
		{5D32EFDB-8055-464F-9E20-BE2C5B8C963E}.Debug|Any CPU.Build.0 = Debug|Any CPU
		{5D32EFDB-8055-464F-9E20-BE2C5B8C963E}.Release|Any CPU.ActiveCfg = Release|Any CPU
		{5D32EFDB-8055-464F-9E20-BE2C5B8C963E}.Release|Any CPU.Build.0 = Release|Any CPU
		{2E3F535B-1B22-4706-A045-2556226433EE}.Debug|Any CPU.ActiveCfg = Debug|Any CPU
		{2E3F535B-1B22-4706-A045-2556226433EE}.Debug|Any CPU.Build.0 = Debug|Any CPU
		{2E3F535B-1B22-4706-A045-2556226433EE}.Release|Any CPU.ActiveCfg = Release|Any CPU
		{2E3F535B-1B22-4706-A045-2556226433EE}.Release|Any CPU.Build.0 = Release|Any CPU
		{F9FC7A14-734B-4BBA-877B-8E28DC8ACDD9}.Debug|Any CPU.ActiveCfg = Debug|Any CPU
		{F9FC7A14-734B-4BBA-877B-8E28DC8ACDD9}.Debug|Any CPU.Build.0 = Debug|Any CPU
		{F9FC7A14-734B-4BBA-877B-8E28DC8ACDD9}.Release|Any CPU.ActiveCfg = Release|Any CPU
		{F9FC7A14-734B-4BBA-877B-8E28DC8ACDD9}.Release|Any CPU.Build.0 = Release|Any CPU
		{4D1FD392-60F8-4498-9277-6CD959DE5AE8}.Debug|Any CPU.ActiveCfg = Debug|Any CPU
		{4D1FD392-60F8-4498-9277-6CD959DE5AE8}.Debug|Any CPU.Build.0 = Debug|Any CPU
		{4D1FD392-60F8-4498-9277-6CD959DE5AE8}.Release|Any CPU.ActiveCfg = Release|Any CPU
		{4D1FD392-60F8-4498-9277-6CD959DE5AE8}.Release|Any CPU.Build.0 = Release|Any CPU
		{E6EA6887-8679-48FF-8393-C5EA0EF7E632}.Debug|Any CPU.ActiveCfg = Debug|Any CPU
		{E6EA6887-8679-48FF-8393-C5EA0EF7E632}.Debug|Any CPU.Build.0 = Debug|Any CPU
		{E6EA6887-8679-48FF-8393-C5EA0EF7E632}.Release|Any CPU.ActiveCfg = Release|Any CPU
		{E6EA6887-8679-48FF-8393-C5EA0EF7E632}.Release|Any CPU.Build.0 = Release|Any CPU
		{A81FC56E-9A4D-4FD3-B351-0F0A28A2451B}.Debug|Any CPU.ActiveCfg = Debug|Any CPU
		{A81FC56E-9A4D-4FD3-B351-0F0A28A2451B}.Debug|Any CPU.Build.0 = Debug|Any CPU
		{A81FC56E-9A4D-4FD3-B351-0F0A28A2451B}.Release|Any CPU.ActiveCfg = Release|Any CPU
		{A81FC56E-9A4D-4FD3-B351-0F0A28A2451B}.Release|Any CPU.Build.0 = Release|Any CPU
	EndGlobalSection
	GlobalSection(SolutionProperties) = preSolution
		HideSolutionNode = FALSE
	EndGlobalSection
	GlobalSection(ExtensibilityGlobals) = postSolution
		SolutionGuid = {7C1D5304-2E9F-4A42-B73B-D89BB945B525}
	EndGlobalSection
EndGlobal
